
Microsoft Visual Studio Solution File, Format Version 12.00
# Visual Studio Express 2012 for Web
Project("{FAE04EC0-301F-11D3-BF4B-00C04F79EFBC}") = "RecipeShare", "RecipeShare\RecipeShare.csproj", "{FB7FD07B-2A52-47BA-AE81-16E5C5B3DAC5}"
EndProject
Project("{FAE04EC0-301F-11D3-BF4B-00C04F79EFBC}") = "RecipeShare.Tests", "RecipeShare.Tests\RecipeShare.Tests.csproj", "{7B66F9F9-13EF-470B-9BE4-156A7852A825}"
EndProject
Project("{FAE04EC0-301F-11D3-BF4B-00C04F79EFBC}") = "RecipeSearchService", "RecipeSearchService\RecipeSearchService.csproj", "{D81ADB66-51F4-47B8-95AC-DE3A85B52DEA}"
EndProject
Global
	GlobalSection(SolutionConfigurationPlatforms) = preSolution
		Debug|Any CPU = Debug|Any CPU
		Release|Any CPU = Release|Any CPU
	EndGlobalSection
	GlobalSection(ProjectConfigurationPlatforms) = postSolution
		{FB7FD07B-2A52-47BA-AE81-16E5C5B3DAC5}.Debug|Any CPU.ActiveCfg = Debug|Any CPU
		{FB7FD07B-2A52-47BA-AE81-16E5C5B3DAC5}.Debug|Any CPU.Build.0 = Debug|Any CPU
		{FB7FD07B-2A52-47BA-AE81-16E5C5B3DAC5}.Release|Any CPU.ActiveCfg = Release|Any CPU
		{FB7FD07B-2A52-47BA-AE81-16E5C5B3DAC5}.Release|Any CPU.Build.0 = Release|Any CPU
		{7B66F9F9-13EF-470B-9BE4-156A7852A825}.Debug|Any CPU.ActiveCfg = Debug|Any CPU
		{7B66F9F9-13EF-470B-9BE4-156A7852A825}.Debug|Any CPU.Build.0 = Debug|Any CPU
		{7B66F9F9-13EF-470B-9BE4-156A7852A825}.Release|Any CPU.ActiveCfg = Release|Any CPU
		{7B66F9F9-13EF-470B-9BE4-156A7852A825}.Release|Any CPU.Build.0 = Release|Any CPU
		{D81ADB66-51F4-47B8-95AC-DE3A85B52DEA}.Debug|Any CPU.ActiveCfg = Debug|Any CPU
		{D81ADB66-51F4-47B8-95AC-DE3A85B52DEA}.Debug|Any CPU.Build.0 = Debug|Any CPU
		{D81ADB66-51F4-47B8-95AC-DE3A85B52DEA}.Release|Any CPU.ActiveCfg = Release|Any CPU
		{D81ADB66-51F4-47B8-95AC-DE3A85B52DEA}.Release|Any CPU.Build.0 = Release|Any CPU
	EndGlobalSection
	GlobalSection(SolutionProperties) = preSolution
		HideSolutionNode = FALSE
	EndGlobalSection
EndGlobal
